{
  "name": "wixoos",
  "version": "0.0.1",
  "lockfileVersion": 3,
  "requires": true,
  "packages": {
    "": {
      "name": "wixoos",
      "version": "0.0.1",
      "license": "ISC",
      "dependencies": {
        "typescript": "^5.1.6"
      },
      "devDependencies": {
        "@types/ragemp-c": "github:CocaColaBear/types-ragemp-c#master",
        "@types/ragemp-s": "github:CocaColaBear/types-ragemp-s#master"
      }
    },
    "node_modules/@types/ragemp-c": {
      "version": "0.0.22",
      "resolved": "git+ssh://git@github.com/CocaColaBear/types-ragemp-c.git#75e88a059ab721e3e2509c81154287b139f6db57",
      "dev": true,
      "license": "MIT"
    },
    "node_modules/@types/ragemp-s": {
      "version": "0.2.25",
      "resolved": "git+ssh://git@github.com/CocaColaBear/types-ragemp-s.git#20bd9fe6b033b48bd36e3b28e8993dd5ebc3f4f6",
      "dev": true,
      "license": "MIT"
    },
    "node_modules/typescript": {
      "version": "5.1.6",
      "resolved": "https://registry.npmjs.org/typescript/-/typescript-5.1.6.tgz",
      "integrity": "sha512-zaWCozRZ6DLEWAWFrVDz1H6FVXzUSfTy5FUMWsQlU8Ym5JP9eO4xkTIROFCQvhQf61z6O/G6ugw3SgAnvvm+HA==",
      "bin": {
        "tsc": "bin/tsc",
        "tsserver": "bin/tsserver"
      },
      "engines": {
        "node": ">=14.17"
      }
    }
  }
}
